{
    "_readme": [
        "This file locks the dependencies of your project to a known state",
        "Read more about it at https://getcomposer.org/doc/01-basic-usage.md#installing-dependencies",
        "This file is @generated automatically"
    ],
    "content-hash": "7f17293ef4431b08117f6899ef783c79",
    "packages": [
        {
            "name": "amphp/amp",
            "version": "v2.2.0",
            "source": {
                "type": "git",
                "url": "https://github.com/amphp/amp.git",
                "reference": "c6a775a6c9fdd9ca4c909647a19b02d2d11a0568"
            },
            "dist": {
                "type": "zip",
                "url": "https://api.github.com/repos/amphp/amp/zipball/c6a775a6c9fdd9ca4c909647a19b02d2d11a0568",
                "reference": "c6a775a6c9fdd9ca4c909647a19b02d2d11a0568",
                "shasum": ""
            },
            "require": {
                "php": ">=7"
            },
            "require-dev": {
                "amphp/php-cs-fixer-config": "dev-master",
                "amphp/phpunit-util": "^1",
                "ext-json": "*",
                "phpstan/phpstan": "^0.8.5",
                "phpunit/phpunit": "^6.0.9",
                "react/promise": "^2"
            },
            "type": "library",
            "extra": {
                "branch-alias": {
                    "dev-master": "2.0.x-dev"
                }
            },
            "autoload": {
                "psr-4": {
                    "Amp\\": "lib"
                },
                "files": [
                    "lib/functions.php",
                    "lib/Internal/functions.php"
                ]
            },
            "notification-url": "https://packagist.org/downloads/",
            "license": [
                "MIT"
            ],
            "authors": [
                {
                    "name": "Daniel Lowrey",
                    "email": "rdlowrey@php.net"
                },
                {
                    "name": "Aaron Piotrowski",
                    "email": "aaron@trowski.com"
                },
                {
                    "name": "Bob Weinand",
                    "email": "bobwei9@hotmail.com"
                },
                {
                    "name": "Niklas Keller",
                    "email": "me@kelunik.com"
                }
            ],
            "description": "A non-blocking concurrency framework for PHP applications.",
            "homepage": "http://amphp.org/amp",
            "keywords": [
                "async",
                "asynchronous",
                "awaitable",
                "concurrency",
                "event",
                "event-loop",
                "future",
                "non-blocking",
                "promise"
            ],
            "time": "2019-08-02T20:37:42+00:00"
        },
        {
            "name": "amphp/byte-stream",
            "version": "v1.6.1",
            "source": {
                "type": "git",
                "url": "https://github.com/amphp/byte-stream.git",
                "reference": "47908f8e8bb2da8af4e59028200758477bc927ea"
            },
            "dist": {
                "type": "zip",
                "url": "https://api.github.com/repos/amphp/byte-stream/zipball/47908f8e8bb2da8af4e59028200758477bc927ea",
                "reference": "47908f8e8bb2da8af4e59028200758477bc927ea",
                "shasum": ""
            },
            "require": {
                "amphp/amp": "^2"
            },
            "require-dev": {
                "amphp/php-cs-fixer-config": "dev-master",
                "amphp/phpunit-util": "^1",
                "friendsofphp/php-cs-fixer": "^2.3",
                "infection/infection": "^0.9.3",
                "phpunit/phpunit": "^6"
            },
            "type": "library",
            "autoload": {
                "psr-4": {
                    "Amp\\ByteStream\\": "lib"
                },
                "files": [
                    "lib/functions.php"
                ]
            },
            "notification-url": "https://packagist.org/downloads/",
            "license": [
                "MIT"
            ],
            "authors": [
                {
                    "name": "Aaron Piotrowski",
                    "email": "aaron@trowski.com"
                },
                {
                    "name": "Niklas Keller",
                    "email": "me@kelunik.com"
                }
            ],
            "description": "A stream abstraction to make working with non-blocking I/O simple.",
            "homepage": "http://amphp.org/byte-stream",
            "keywords": [
                "amp",
                "amphp",
                "async",
                "io",
                "non-blocking",
                "stream"
            ],
            "time": "2019-07-26T21:22:49+00:00"
        },
        {
            "name": "amphp/process",
            "version": "v1.1.0",
            "source": {
                "type": "git",
                "url": "https://github.com/amphp/process.git",
                "reference": "355b1e561b01c16ab3d78fada1ad47ccc96df70e"
            },
            "dist": {
                "type": "zip",
                "url": "https://api.github.com/repos/amphp/process/zipball/355b1e561b01c16ab3d78fada1ad47ccc96df70e",
                "reference": "355b1e561b01c16ab3d78fada1ad47ccc96df70e",
                "shasum": ""
            },
            "require": {
                "amphp/amp": "^2",
                "amphp/byte-stream": "^1.4",
                "php": ">=7"
            },
            "require-dev": {
                "amphp/php-cs-fixer-config": "dev-master",
                "amphp/phpunit-util": "^1",
                "phpunit/phpunit": "^6"
            },
            "type": "library",
            "autoload": {
                "psr-4": {
                    "Amp\\Process\\": "lib"
                },
                "files": [
                    "lib/functions.php"
                ]
            },
            "notification-url": "https://packagist.org/downloads/",
            "license": [
                "MIT"
            ],
            "authors": [
                {
                    "name": "Bob Weinand",
                    "email": "bobwei9@hotmail.com"
                },
                {
                    "name": "Niklas Keller",
                    "email": "me@kelunik.com"
                },
                {
                    "name": "Aaron Piotrowski",
                    "email": "aaron@trowski.com"
                }
            ],
            "description": "Asynchronous process manager.",
            "homepage": "https://github.com/amphp/process",
            "time": "2019-02-26T16:33:03+00:00"
        },
        {
            "name": "phpactor/test-utils",
            "version": "1.0.1",
            "source": {
                "type": "git",
                "url": "https://github.com/phpactor/test-utils.git",
                "reference": "42f76080c4f149543704884040bac835e5f1a696"
            },
            "dist": {
                "type": "zip",
                "url": "https://api.github.com/repos/phpactor/test-utils/zipball/42f76080c4f149543704884040bac835e5f1a696",
                "reference": "42f76080c4f149543704884040bac835e5f1a696",
                "shasum": ""
            },
            "require-dev": {
                "friendsofphp/php-cs-fixer": "~2.15.0",
                "phpstan/phpstan": "~0.11.0",
                "phpunit/phpunit": "~7.0"
            },
            "type": "library",
            "extra": {
                "branch-alias": {
                    "dev-master": "1.0-dev"
                }
            },
            "autoload": {
                "psr-4": {
                    "Phpactor\\TestUtils\\": "lib/"
                }
            },
            "notification-url": "https://packagist.org/downloads/",
            "license": [
                "MIT"
            ],
            "authors": [
                {
                    "name": "Daniel Leech",
                    "email": "daniel@dantleech.com"
                }
            ],
            "description": "Utilities for managing the test environment",
            "time": "2019-08-24T11:33:25+00:00"
        }
    ],
    "packages-dev": [],
    "aliases": [],
    "minimum-stability": "stable",
    "stability-flags": [],
    "prefer-stable": false,
    "prefer-lowest": false,
    "platform": [],
    "platform-dev": []
}
